// !$*UTF8*$!
{
	archiveVersion = 1;
	classes = {
	};
	objectVersion = 46;
	objects = {

/* Begin PBXBuildFile section */
		04F086C31D13ACF700182FF5 /* AppDelegate.swift in Sources */ = {isa = PBXBuildFile; fileRef = 04F086C21D13ACF700182FF5 /* AppDelegate.swift */; };
		04F086C51D13ACF700182FF5 /* ViewController.swift in Sources */ = {isa = PBXBuildFile; fileRef = 04F086C41D13ACF700182FF5 /* ViewController.swift */; };
		04F086C81D13ACF700182FF5 /* Main.storyboard in Resources */ = {isa = PBXBuildFile; fileRef = 04F086C61D13ACF700182FF5 /* Main.storyboard */; };
		04F086CA1D13ACF700182FF5 /* Assets.xcassets in Resources */ = {isa = PBXBuildFile; fileRef = 04F086C91D13ACF700182FF5 /* Assets.xcassets */; };
		04F086CD1D13ACF700182FF5 /* LaunchScreen.storyboard in Resources */ = {isa = PBXBuildFile; fileRef = 04F086CB1D13ACF700182FF5 /* LaunchScreen.storyboard */; };
		04F086D81D13ACF700182FF5 /* AlamofireTests.swift in Sources */ = {isa = PBXBuildFile; fileRef = 04F086D71D13ACF700182FF5 /* AlamofireTests.swift */; };
		04F086E31D13ACF700182FF5 /* AlamofireUITests.swift in Sources */ = {isa = PBXBuildFile; fileRef = 04F086E21D13ACF700182FF5 /* AlamofireUITests.swift */; };
		04F087051D13AD0A00182FF5 /* Alamofire.swift in Sources */ = {isa = PBXBuildFile; fileRef = 04F086F21D13AD0A00182FF5 /* Alamofire.swift */; };
		04F087061D13AD0A00182FF5 /* Download.swift in Sources */ = {isa = PBXBuildFile; fileRef = 04F086F31D13AD0A00182FF5 /* Download.swift */; };
		04F087071D13AD0A00182FF5 /* Error.swift in Sources */ = {isa = PBXBuildFile; fileRef = 04F086F41D13AD0A00182FF5 /* Error.swift */; };
		04F087081D13AD0A00182FF5 /* Info-tvOS.plist in Resources */ = {isa = PBXBuildFile; fileRef = 04F086F51D13AD0A00182FF5 /* Info-tvOS.plist */; };
		04F087091D13AD0A00182FF5 /* Info.plist in Resources */ = {isa = PBXBuildFile; fileRef = 04F086F61D13AD0A00182FF5 /* Info.plist */; };
		04F0870A1D13AD0A00182FF5 /* Manager.swift in Sources */ = {isa = PBXBuildFile; fileRef = 04F086F71D13AD0A00182FF5 /* Manager.swift */; };
		04F0870B1D13AD0A00182FF5 /* MultipartFormData.swift in Sources */ = {isa = PBXBuildFile; fileRef = 04F086F81D13AD0A00182FF5 /* MultipartFormData.swift */; };
		04F0870C1D13AD0A00182FF5 /* NetworkReachabilityManager.swift in Sources */ = {isa = PBXBuildFile; fileRef = 04F086F91D13AD0A00182FF5 /* NetworkReachabilityManager.swift */; };
		04F0870D1D13AD0A00182FF5 /* Notifications.swift in Sources */ = {isa = PBXBuildFile; fileRef = 04F086FA1D13AD0A00182FF5 /* Notifications.swift */; };
		04F0870E1D13AD0A00182FF5 /* ParameterEncoding.swift in Sources */ = {isa = PBXBuildFile; fileRef = 04F086FB1D13AD0A00182FF5 /* ParameterEncoding.swift */; };
		04F0870F1D13AD0A00182FF5 /* Request.swift in Sources */ = {isa = PBXBuildFile; fileRef = 04F086FC1D13AD0A00182FF5 /* Request.swift */; };
		04F087101D13AD0A00182FF5 /* Response.swift in Sources */ = {isa = PBXBuildFile; fileRef = 04F086FD1D13AD0A00182FF5 /* Response.swift */; };
		04F087111D13AD0A00182FF5 /* ResponseSerialization.swift in Sources */ = {isa = PBXBuildFile; fileRef = 04F086FE1D13AD0A00182FF5 /* ResponseSerialization.swift */; };
		04F087121D13AD0A00182FF5 /* Result.swift in Sources */ = {isa = PBXBuildFile; fileRef = 04F086FF1D13AD0A00182FF5 /* Result.swift */; };
		04F087131D13AD0A00182FF5 /* ServerTrustPolicy.swift in Sources */ = {isa = PBXBuildFile; fileRef = 04F087001D13AD0A00182FF5 /* ServerTrustPolicy.swift */; };
		04F087141D13AD0A00182FF5 /* Stream.swift in Sources */ = {isa = PBXBuildFile; fileRef = 04F087011D13AD0A00182FF5 /* Stream.swift */; };
		04F087151D13AD0A00182FF5 /* Timeline.swift in Sources */ = {isa = PBXBuildFile; fileRef = 04F087021D13AD0A00182FF5 /* Timeline.swift */; };
		04F087161D13AD0A00182FF5 /* Upload.swift in Sources */ = {isa = PBXBuildFile; fileRef = 04F087031D13AD0A00182FF5 /* Upload.swift */; };
		04F087171D13AD0A00182FF5 /* Validation.swift in Sources */ = {isa = PBXBuildFile; fileRef = 04F087041D13AD0A00182FF5 /* Validation.swift */; };
/* End PBXBuildFile section */

/* Begin PBXContainerItemProxy section */
		04F086D41D13ACF700182FF5 /* PBXContainerItemProxy */ = {
			isa = PBXContainerItemProxy;
			containerPortal = 04F086B71D13ACF700182FF5 /* Project object */;
			proxyType = 1;
			remoteGlobalIDString = 04F086BE1D13ACF700182FF5;
			remoteInfo = Alamofire;
		};
		04F086DF1D13ACF700182FF5 /* PBXContainerItemProxy */ = {
			isa = PBXContainerItemProxy;
			containerPortal = 04F086B71D13ACF700182FF5 /* Project object */;
			proxyType = 1;
			remoteGlobalIDString = 04F086BE1D13ACF700182FF5;
			remoteInfo = Alamofire;
		};
/* End PBXContainerItemProxy section */

/* Begin PBXFileReference section */
		04F086BF1D13ACF700182FF5 /* Alamofire.app */ = {isa = PBXFileReference; explicitFileType = wrapper.application; includeInIndex = 0; path = Alamofire.app; sourceTree = BUILT_PRODUCTS_DIR; };
		04F086C21D13ACF700182FF5 /* AppDelegate.swift */ = {isa = PBXFileReference; lastKnownFileType = sourcecode.swift; path = AppDelegate.swift; sourceTree = "<group>"; };
		04F086C41D13ACF700182FF5 /* ViewController.swift */ = {isa = PBXFileReference; lastKnownFileType = sourcecode.swift; path = ViewController.swift; sourceTree = "<group>"; };
		04F086C71D13ACF700182FF5 /* Base */ = {isa = PBXFileReference; lastKnownFileType = file.storyboard; name = Base; path = Base.lproj/Main.storyboard; sourceTree = "<group>"; };
		04F086C91D13ACF700182FF5 /* Assets.xcassets */ = {isa = PBXFileReference; lastKnownFileType = folder.assetcatalog; path = Assets.xcassets; sourceTree = "<group>"; };
		04F086CC1D13ACF700182FF5 /* Base */ = {isa = PBXFileReference; lastKnownFileType = file.storyboard; name = Base; path = Base.lproj/LaunchScreen.storyboard; sourceTree = "<group>"; };
		04F086CE1D13ACF700182FF5 /* Info.plist */ = {isa = PBXFileReference; lastKnownFileType = text.plist.xml; path = Info.plist; sourceTree = "<group>"; };
		04F086D31D13ACF700182FF5 /* AlamofireTests.xctest */ = {isa = PBXFileReference; explicitFileType = wrapper.cfbundle; includeInIndex = 0; path = AlamofireTests.xctest; sourceTree = BUILT_PRODUCTS_DIR; };
		04F086D71D13ACF700182FF5 /* AlamofireTests.swift */ = {isa = PBXFileReference; lastKnownFileType = sourcecode.swift; path = AlamofireTests.swift; sourceTree = "<group>"; };
		04F086D91D13ACF700182FF5 /* Info.plist */ = {isa = PBXFileReference; lastKnownFileType = text.plist.xml; path = Info.plist; sourceTree = "<group>"; };
		04F086DE1D13ACF700182FF5 /* AlamofireUITests.xctest */ = {isa = PBXFileReference; explicitFileType = wrapper.cfbundle; includeInIndex = 0; path = AlamofireUITests.xctest; sourceTree = BUILT_PRODUCTS_DIR; };
		04F086E21D13ACF700182FF5 /* AlamofireUITests.swift */ = {isa = PBXFileReference; lastKnownFileType = sourcecode.swift; path = AlamofireUITests.swift; sourceTree = "<group>"; };
		04F086E41D13ACF700182FF5 /* Info.plist */ = {isa = PBXFileReference; lastKnownFileType = text.plist.xml; path = Info.plist; sourceTree = "<group>"; };
		04F086F11D13AD0A00182FF5 /* Alamofire.h */ = {isa = PBXFileReference; fileEncoding = 4; lastKnownFileType = sourcecode.c.h; path = Alamofire.h; sourceTree = "<group>"; };
		04F086F21D13AD0A00182FF5 /* Alamofire.swift */ = {isa = PBXFileReference; fileEncoding = 4; lastKnownFileType = sourcecode.swift; path = Alamofire.swift; sourceTree = "<group>"; };
		04F086F31D13AD0A00182FF5 /* Download.swift */ = {isa = PBXFileReference; fileEncoding = 4; lastKnownFileType = sourcecode.swift; path = Download.swift; sourceTree = "<group>"; };
		04F086F41D13AD0A00182FF5 /* Error.swift */ = {isa = PBXFileReference; fileEncoding = 4; lastKnownFileType = sourcecode.swift; path = Error.swift; sourceTree = "<group>"; };
		04F086F51D13AD0A00182FF5 /* Info-tvOS.plist */ = {isa = PBXFileReference; fileEncoding = 4; lastKnownFileType = text.plist.xml; path = "Info-tvOS.plist"; sourceTree = "<group>"; };
		04F086F61D13AD0A00182FF5 /* Info.plist */ = {isa = PBXFileReference; fileEncoding = 4; lastKnownFileType = text.plist.xml; path = Info.plist; sourceTree = "<group>"; };
		04F086F71D13AD0A00182FF5 /* Manager.swift */ = {isa = PBXFileReference; fileEncoding = 4; lastKnownFileType = sourcecode.swift; path = Manager.swift; sourceTree = "<group>"; };
		04F086F81D13AD0A00182FF5 /* MultipartFormData.swift */ = {isa = PBXFileReference; fileEncoding = 4; lastKnownFileType = sourcecode.swift; path = MultipartFormData.swift; sourceTree = "<group>"; };
		04F086F91D13AD0A00182FF5 /* NetworkReachabilityManager.swift */ = {isa = PBXFileReference; fileEncoding = 4; lastKnownFileType = sourcecode.swift; path = NetworkReachabilityManager.swift; sourceTree = "<group>"; };
		04F086FA1D13AD0A00182FF5 /* Notifications.swift */ = {isa = PBXFileReference; fileEncoding = 4; lastKnownFileType = sourcecode.swift; path = Notifications.swift; sourceTree = "<group>"; };
		04F086FB1D13AD0A00182FF5 /* ParameterEncoding.swift */ = {isa = PBXFileReference; fileEncoding = 4; lastKnownFileType = sourcecode.swift; path = ParameterEncoding.swift; sourceTree = "<group>"; };
		04F086FC1D13AD0A00182FF5 /* Request.swift */ = {isa = PBXFileReference; fileEncoding = 4; lastKnownFileType = sourcecode.swift; path = Request.swift; sourceTree = "<group>"; };
		04F086FD1D13AD0A00182FF5 /* Response.swift */ = {isa = PBXFileReference; fileEncoding = 4; lastKnownFileType = sourcecode.swift; path = Response.swift; sourceTree = "<group>"; };
		04F086FE1D13AD0A00182FF5 /* ResponseSerialization.swift */ = {isa = PBXFileReference; fileEncoding = 4; lastKnownFileType = sourcecode.swift; path = ResponseSerialization.swift; sourceTree = "<group>"; };
		04F086FF1D13AD0A00182FF5 /* Result.swift */ = {isa = PBXFileReference; fileEncoding = 4; lastKnownFileType = sourcecode.swift; path = Result.swift; sourceTree = "<group>"; };
		04F087001D13AD0A00182FF5 /* ServerTrustPolicy.swift */ = {isa = PBXFileReference; fileEncoding = 4; lastKnownFileType = sourcecode.swift; path = ServerTrustPolicy.swift; sourceTree = "<group>"; };
		04F087011D13AD0A00182FF5 /* Stream.swift */ = {isa = PBXFileReference; fileEncoding = 4; lastKnownFileType = sourcecode.swift; path = Stream.swift; sourceTree = "<group>"; };
		04F087021D13AD0A00182FF5 /* Timeline.swift */ = {isa = PBXFileReference; fileEncoding = 4; lastKnownFileType = sourcecode.swift; path = Timeline.swift; sourceTree = "<group>"; };
		04F087031D13AD0A00182FF5 /* Upload.swift */ = {isa = PBXFileReference; fileEncoding = 4; lastKnownFileType = sourcecode.swift; path = Upload.swift; sourceTree = "<group>"; };
		04F087041D13AD0A00182FF5 /* Validation.swift */ = {isa = PBXFileReference; fileEncoding = 4; lastKnownFileType = sourcecode.swift; path = Validation.swift; sourceTree = "<group>"; };
/* End PBXFileReference section */

/* Begin PBXFrameworksBuildPhase section */
		04F086BC1D13ACF700182FF5 /* Frameworks */ = {
			isa = PBXFrameworksBuildPhase;
			buildActionMask = 2147483647;
			files = (
			);
			runOnlyForDeploymentPostprocessing = 0;
		};
		04F086D01D13ACF700182FF5 /* Frameworks */ = {
			isa = PBXFrameworksBuildPhase;
			buildActionMask = 2147483647;
			files = (
			);
			runOnlyForDeploymentPostprocessing = 0;
		};
		04F086DB1D13ACF700182FF5 /* Frameworks */ = {
			isa = PBXFrameworksBuildPhase;
			buildActionMask = 2147483647;
			files = (
			);
			runOnlyForDeploymentPostprocessing = 0;
		};
/* End PBXFrameworksBuildPhase section */

/* Begin PBXGroup section */
		04F086B61D13ACF700182FF5 = {
			isa = PBXGroup;
			children = (
				04F086C11D13ACF700182FF5 /* Alamofire */,
				04F086D61D13ACF700182FF5 /* AlamofireTests */,
				04F086E11D13ACF700182FF5 /* AlamofireUITests */,
				04F086C01D13ACF700182FF5 /* Products */,
			);
			sourceTree = "<group>";
		};
		04F086C01D13ACF700182FF5 /* Products */ = {
			isa = PBXGroup;
			children = (
				04F086BF1D13ACF700182FF5 /* Alamofire.app */,
				04F086D31D13ACF700182FF5 /* AlamofireTests.xctest */,
				04F086DE1D13ACF700182FF5 /* AlamofireUITests.xctest */,
			);
			name = Products;
			sourceTree = "<group>";
		};
		04F086C11D13ACF700182FF5 /* Alamofire */ = {
			isa = PBXGroup;
			children = (
				04F086F01D13AD0A00182FF5 /* Alamofire */,
				04F086C21D13ACF700182FF5 /* AppDelegate.swift */,
				04F086C41D13ACF700182FF5 /* ViewController.swift */,
				04F086C61D13ACF700182FF5 /* Main.storyboard */,
				04F086C91D13ACF700182FF5 /* Assets.xcassets */,
				04F086CB1D13ACF700182FF5 /* LaunchScreen.storyboard */,
				04F086CE1D13ACF700182FF5 /* Info.plist */,
			);
			path = Alamofire;
			sourceTree = "<group>";
		};
		04F086D61D13ACF700182FF5 /* AlamofireTests */ = {
			isa = PBXGroup;
			children = (
				04F086D71D13ACF700182FF5 /* AlamofireTests.swift */,
				04F086D91D13ACF700182FF5 /* Info.plist */,
			);
			path = AlamofireTests;
			sourceTree = "<group>";
		};
		04F086E11D13ACF700182FF5 /* AlamofireUITests */ = {
			isa = PBXGroup;
			children = (
				04F086E21D13ACF700182FF5 /* AlamofireUITests.swift */,
				04F086E41D13ACF700182FF5 /* Info.plist */,
			);
			path = AlamofireUITests;
			sourceTree = "<group>";
		};
		04F086F01D13AD0A00182FF5 /* Alamofire */ = {
			isa = PBXGroup;
			children = (
				04F086F11D13AD0A00182FF5 /* Alamofire.h */,
				04F086F21D13AD0A00182FF5 /* Alamofire.swift */,
				04F086F31D13AD0A00182FF5 /* Download.swift */,
				04F086F41D13AD0A00182FF5 /* Error.swift */,
				04F086F51D13AD0A00182FF5 /* Info-tvOS.plist */,
				04F086F61D13AD0A00182FF5 /* Info.plist */,
				04F086F71D13AD0A00182FF5 /* Manager.swift */,
				04F086F81D13AD0A00182FF5 /* MultipartFormData.swift */,
				04F086F91D13AD0A00182FF5 /* NetworkReachabilityManager.swift */,
				04F086FA1D13AD0A00182FF5 /* Notifications.swift */,
				04F086FB1D13AD0A00182FF5 /* ParameterEncoding.swift */,
				04F086FC1D13AD0A00182FF5 /* Request.swift */,
				04F086FD1D13AD0A00182FF5 /* Response.swift */,
				04F086FE1D13AD0A00182FF5 /* ResponseSerialization.swift */,
				04F086FF1D13AD0A00182FF5 /* Result.swift */,
				04F087001D13AD0A00182FF5 /* ServerTrustPolicy.swift */,
				04F087011D13AD0A00182FF5 /* Stream.swift */,
				04F087021D13AD0A00182FF5 /* Timeline.swift */,
				04F087031D13AD0A00182FF5 /* Upload.swift */,
				04F087041D13AD0A00182FF5 /* Validation.swift */,
			);
			path = Alamofire;
			sourceTree = "<group>";
		};
/* End PBXGroup section */

/* Begin PBXNativeTarget section */
		04F086BE1D13ACF700182FF5 /* Alamofire */ = {
			isa = PBXNativeTarget;
			buildConfigurationList = 04F086E71D13ACF700182FF5 /* Build configuration list for PBXNativeTarget "Alamofire" */;
			buildPhases = (
				04F086BB1D13ACF700182FF5 /* Sources */,
				04F086BC1D13ACF700182FF5 /* Frameworks */,
				04F086BD1D13ACF700182FF5 /* Resources */,
			);
			buildRules = (
			);
			dependencies = (
			);
			name = Alamofire;
			productName = Alamofire;
			productReference = 04F086BF1D13ACF700182FF5 /* Alamofire.app */;
			productType = "com.apple.product-type.application";
		};
		04F086D21D13ACF700182FF5 /* AlamofireTests */ = {
			isa = PBXNativeTarget;
			buildConfigurationList = 04F086EA1D13ACF700182FF5 /* Build configuration list for PBXNativeTarget "AlamofireTests" */;
			buildPhases = (
				04F086CF1D13ACF700182FF5 /* Sources */,
				04F086D01D13ACF700182FF5 /* Frameworks */,
				04F086D11D13ACF700182FF5 /* Resources */,
			);
			buildRules = (
			);
			dependencies = (
				04F086D51D13ACF700182FF5 /* PBXTargetDependency */,
			);
			name = AlamofireTests;
			productName = AlamofireTests;
			productReference = 04F086D31D13ACF700182FF5 /* AlamofireTests.xctest */;
			productType = "com.apple.product-type.bundle.unit-test";
		};
		04F086DD1D13ACF700182FF5 /* AlamofireUITests */ = {
			isa = PBXNativeTarget;
			buildConfigurationList = 04F086ED1D13ACF700182FF5 /* Build configuration list for PBXNativeTarget "AlamofireUITests" */;
			buildPhases = (
				04F086DA1D13ACF700182FF5 /* Sources */,
				04F086DB1D13ACF700182FF5 /* Frameworks */,
				04F086DC1D13ACF700182FF5 /* Resources */,
			);
			buildRules = (
			);
			dependencies = (
				04F086E01D13ACF700182FF5 /* PBXTargetDependency */,
			);
			name = AlamofireUITests;
			productName = AlamofireUITests;
			productReference = 04F086DE1D13ACF700182FF5 /* AlamofireUITests.xctest */;
			productType = "com.apple.product-type.bundle.ui-testing";
		};
/* End PBXNativeTarget section */

/* Begin PBXProject section */
		04F086B71D13ACF700182FF5 /* Project object */ = {
			isa = PBXProject;
			attributes = {
				LastSwiftUpdateCheck = 0730;
				LastUpgradeCheck = 0730;
				ORGANIZATIONNAME = wyq;
				TargetAttributes = {
					04F086BE1D13ACF700182FF5 = {
						CreatedOnToolsVersion = 7.3.1;
					};
					04F086D21D13ACF700182FF5 = {
						CreatedOnToolsVersion = 7.3.1;
						TestTargetID = 04F086BE1D13ACF700182FF5;
					};
					04F086DD1D13ACF700182FF5 = {
						CreatedOnToolsVersion = 7.3.1;
						TestTargetID = 04F086BE1D13ACF700182FF5;
					};
				};
			};
			buildConfigurationList = 04F086BA1D13ACF700182FF5 /* Build configuration list for PBXProject "Alamofire" */;
			compatibilityVersion = "Xcode 3.2";
			developmentRegion = English;
			hasScannedForEncodings = 0;
			knownRegions = (
				en,
				Base,
			);
			mainGroup = 04F086B61D13ACF700182FF5;
			productRefGroup = 04F086C01D13ACF700182FF5 /* Products */;
			projectDirPath = "";
			projectRoot = "";
			targets = (
				04F086BE1D13ACF700182FF5 /* Alamofire */,
				04F086D21D13ACF700182FF5 /* AlamofireTests */,
				04F086DD1D13ACF700182FF5 /* AlamofireUITests */,
			);
		};
/* End PBXProject section */

/* Begin PBXResourcesBuildPhase section */
		04F086BD1D13ACF700182FF5 /* Resources */ = {
			isa = PBXResourcesBuildPhase;
			buildActionMask = 2147483647;
			files = (
				04F086CD1D13ACF700182FF5 /* LaunchScreen.storyboard in Resources */,
				04F086CA1D13ACF700182FF5 /* Assets.xcassets in Resources */,
				04F087081D13AD0A00182FF5 /* Info-tvOS.plist in Resources */,
				04F087091D13AD0A00182FF5 /* Info.plist in Resources */,
				04F086C81D13ACF700182FF5 /* Main.storyboard in Resources */,
			);
			runOnlyForDeploymentPostprocessing = 0;
		};
		04F086D11D13ACF700182FF5 /* Resources */ = {
			isa = PBXResourcesBuildPhase;
			buildActionMask = 2147483647;
			files = (
			);
			runOnlyForDeploymentPostprocessing = 0;
		};
		04F086DC1D13ACF700182FF5 /* Resources */ = {
			isa = PBXResourcesBuildPhase;
			buildActionMask = 2147483647;
			files = (
			);
			runOnlyForDeploymentPostprocessing = 0;
		};
/* End PBXResourcesBuildPhase section */

/* Begin PBXSourcesBuildPhase section */
		04F086BB1D13ACF700182FF5 /* Sources */ = {
			isa = PBXSourcesBuildPhase;
			buildActionMask = 2147483647;
			files = (
				04F087161D13AD0A00182FF5 /* Upload.swift in Sources */,
				04F087051D13AD0A00182FF5 /* Alamofire.swift in Sources */,
				04F0870A1D13AD0A00182FF5 /* Manager.swift in Sources */,
				04F0870E1D13AD0A00182FF5 /* ParameterEncoding.swift in Sources */,
				04F087141D13AD0A00182FF5 /* Stream.swift in Sources */,
				04F0870C1D13AD0A00182FF5 /* NetworkReachabilityManager.swift in Sources */,
				04F087121D13AD0A00182FF5 /* Result.swift in Sources */,
				04F087101D13AD0A00182FF5 /* Response.swift in Sources */,
				04F0870F1D13AD0A00182FF5 /* Request.swift in Sources */,
				04F0870D1D13AD0A00182FF5 /* Notifications.swift in Sources */,
				04F0870B1D13AD0A00182FF5 /* MultipartFormData.swift in Sources */,
				04F087151D13AD0A00182FF5 /* Timeline.swift in Sources */,
				04F087061D13AD0A00182FF5 /* Download.swift in Sources */,
				04F087171D13AD0A00182FF5 /* Validation.swift in Sources */,
				04F086C51D13ACF700182FF5 /* ViewController.swift in Sources */,
				04F087071D13AD0A00182FF5 /* Error.swift in Sources */,
				04F087131D13AD0A00182FF5 /* ServerTrustPolicy.swift in Sources */,
				04F087111D13AD0A00182FF5 /* ResponseSerialization.swift in Sources */,
				04F086C31D13ACF700182FF5 /* AppDelegate.swift in Sources */,
			);
			runOnlyForDeploymentPostprocessing = 0;
		};
		04F086CF1D13ACF700182FF5 /* Sources */ = {
			isa = PBXSourcesBuildPhase;
			buildActionMask = 2147483647;
			files = (
				04F086D81D13ACF700182FF5 /* AlamofireTests.swift in Sources */,
			);
			runOnlyForDeploymentPostprocessing = 0;
		};
		04F086DA1D13ACF700182FF5 /* Sources */ = {
			isa = PBXSourcesBuildPhase;
			buildActionMask = 2147483647;
			files = (
				04F086E31D13ACF700182FF5 /* AlamofireUITests.swift in Sources */,
			);
			runOnlyForDeploymentPostprocessing = 0;
		};
/* End PBXSourcesBuildPhase section */

/* Begin PBXTargetDependency section */
		04F086D51D13ACF700182FF5 /* PBXTargetDependency */ = {
			isa = PBXTargetDependency;
			target = 04F086BE1D13ACF700182FF5 /* Alamofire */;
			targetProxy = 04F086D41D13ACF700182FF5 /* PBXContainerItemProxy */;
		};
		04F086E01D13ACF700182FF5 /* PBXTargetDependency */ = {
			isa = PBXTargetDependency;
			target = 04F086BE1D13ACF700182FF5 /* Alamofire */;
			targetProxy = 04F086DF1D13ACF700182FF5 /* PBXContainerItemProxy */;
		};
/* End PBXTargetDependency section */

/* Begin PBXVariantGroup section */
		04F086C61D13ACF700182FF5 /* Main.storyboard */ = {
			isa = PBXVariantGroup;
			children = (
				04F086C71D13ACF700182FF5 /* Base */,
			);
			name = Main.storyboard;
			sourceTree = "<group>";
		};
		04F086CB1D13ACF700182FF5 /* LaunchScreen.storyboard */ = {
			isa = PBXVariantGroup;
			children = (
				04F086CC1D13ACF700182FF5 /* Base */,
			);
			name = LaunchScreen.storyboard;
			sourceTree = "<group>";
		};
/* End PBXVariantGroup section */

/* Begin XCBuildConfiguration section */
		04F086E51D13ACF700182FF5 /* Debug */ = {
			isa = XCBuildConfiguration;
			buildSettings = {
				ALWAYS_SEARCH_USER_PATHS = NO;
				CLANG_ANALYZER_NONNULL = YES;
				CLANG_CXX_LANGUAGE_STANDARD = "gnu++0x";
				CLANG_CXX_LIBRARY = "libc++";
				CLANG_ENABLE_MODULES = YES;
				CLANG_ENABLE_OBJC_ARC = YES;
				CLANG_WARN_BOOL_CONVERSION = YES;
				CLANG_WARN_CONSTANT_CONVERSION = YES;
				CLANG_WARN_DIRECT_OBJC_ISA_USAGE = YES_ERROR;
				CLANG_WARN_EMPTY_BODY = YES;
				CLANG_WARN_ENUM_CONVERSION = YES;
				CLANG_WARN_INT_CONVERSION = YES;
				CLANG_WARN_OBJC_ROOT_CLASS = YES_ERROR;
				CLANG_WARN_UNREACHABLE_CODE = YES;
				CLANG_WARN__DUPLICATE_METHOD_MATCH = YES;
				"CODE_SIGN_IDENTITY[sdk=iphoneos*]" = "iPhone Developer";
				COPY_PHASE_STRIP = NO;
				DEBUG_INFORMATION_FORMAT = dwarf;
				ENABLE_STRICT_OBJC_MSGSEND = YES;
				ENABLE_TESTABILITY = YES;
				GCC_C_LANGUAGE_STANDARD = gnu99;
				GCC_DYNAMIC_NO_PIC = NO;
				GCC_NO_COMMON_BLOCKS = YES;
				GCC_OPTIMIZATION_LEVEL = 0;
				GCC_PREPROCESSOR_DEFINITIONS = (
					"DEBUG=1",
					"$(inherited)",
				);
				GCC_WARN_64_TO_32_BIT_CONVERSION = YES;
				GCC_WARN_ABOUT_RETURN_TYPE = YES_ERROR;
				GCC_WARN_UNDECLARED_SELECTOR = YES;
				GCC_WARN_UNINITIALIZED_AUTOS = YES_AGGRESSIVE;
				GCC_WARN_UNUSED_FUNCTION = YES;
				GCC_WARN_UNUSED_VARIABLE = YES;
				IPHONEOS_DEPLOYMENT_TARGET = 9.3;
				MTL_ENABLE_DEBUG_INFO = YES;
				ONLY_ACTIVE_ARCH = YES;
				SDKROOT = iphoneos;
				SWIFT_OPTIMIZATION_LEVEL = "-Onone";
			};
			name = Debug;
		};
		04F086E61D13ACF700182FF5 /* Release */ = {
			isa = XCBuildConfiguration;
			buildSettings = {
				ALWAYS_SEARCH_USER_PATHS = NO;
				CLANG_ANALYZER_NONNULL = YES;
				CLANG_CXX_LANGUAGE_STANDARD = "gnu++0x";
				CLANG_CXX_LIBRARY = "libc++";
				CLANG_ENABLE_MODULES = YES;
				CLANG_ENABLE_OBJC_ARC = YES;
				CLANG_WARN_BOOL_CONVERSION = YES;
				CLANG_WARN_CONSTANT_CONVERSION = YES;
				CLANG_WARN_DIRECT_OBJC_ISA_USAGE = YES_ERROR;
				CLANG_WARN_EMPTY_BODY = YES;
				CLANG_WARN_ENUM_CONVERSION = YES;
				CLANG_WARN_INT_CONVERSION = YES;
				CLANG_WARN_OBJC_ROOT_CLASS = YES_ERROR;
				CLANG_WARN_UNREACHABLE_CODE = YES;
				CLANG_WARN__DUPLICATE_METHOD_MATCH = YES;
				"CODE_SIGN_IDENTITY[sdk=iphoneos*]" = "iPhone Developer";
				COPY_PHASE_STRIP = NO;
				DEBUG_INFORMATION_FORMAT = "dwarf-with-dsym";
				ENABLE_NS_ASSERTIONS = NO;
				ENABLE_STRICT_OBJC_MSGSEND = YES;
				GCC_C_LANGUAGE_STANDARD = gnu99;
				GCC_NO_COMMON_BLOCKS = YES;
				GCC_WARN_64_TO_32_BIT_CONVERSION = YES;
				GCC_WARN_ABOUT_RETURN_TYPE = YES_ERROR;
				GCC_WARN_UNDECLARED_SELECTOR = YES;
				GCC_WARN_UNINITIALIZED_AUTOS = YES_AGGRESSIVE;
				GCC_WARN_UNUSED_FUNCTION = YES;
				GCC_WARN_UNUSED_VARIABLE = YES;
				IPHONEOS_DEPLOYMENT_TARGET = 9.3;
				MTL_ENABLE_DEBUG_INFO = NO;
				SDKROOT = iphoneos;
				VALIDATE_PRODUCT = YES;
			};
			name = Release;
		};
		04F086E81D13ACF700182FF5 /* Debug */ = {
			isa = XCBuildConfiguration;
			buildSettings = {
				ASSETCATALOG_COMPILER_APPICON_NAME = AppIcon;
				INFOPLIST_FILE = Alamofire/Info.plist;
				LD_RUNPATH_SEARCH_PATHS = "$(inherited) @executable_path/Frameworks";
				PRODUCT_BUNDLE_IDENTIFIER = "--.Alamofire";
				PRODUCT_NAME = "$(TARGET_NAME)";
			};
			name = Debug;
		};
		04F086E91D13ACF700182FF5 /* Release */ = {
			isa = XCBuildConfiguration;
			buildSettings = {
				ASSETCATALOG_COMPILER_APPICON_NAME = AppIcon;
				INFOPLIST_FILE = Alamofire/Info.plist;
				LD_RUNPATH_SEARCH_PATHS = "$(inherited) @executable_path/Frameworks";
				PRODUCT_BUNDLE_IDENTIFIER = "--.Alamofire";
				PRODUCT_NAME = "$(TARGET_NAME)";
			};
			name = Release;
		};
		04F086EB1D13ACF700182FF5 /* Debug */ = {
			isa = XCBuildConfiguration;
			buildSettings = {
				BUNDLE_LOADER = "$(TEST_HOST)";
				INFOPLIST_FILE = AlamofireTests/Info.plist;
				LD_RUNPATH_SEARCH_PATHS = "$(inherited) @executable_path/Frameworks @loader_path/Frameworks";
				PRODUCT_BUNDLE_IDENTIFIER = "--.AlamofireTests";
				PRODUCT_NAME = "$(TARGET_NAME)";
				TEST_HOST = "$(BUILT_PRODUCTS_DIR)/Alamofire.app/Alamofire";
			};
			name = Debug;
		};
		04F086EC1D13ACF700182FF5 /* Release */ = {
			isa = XCBuildConfiguration;
			buildSettings = {
				BUNDLE_LOADER = "$(TEST_HOST)";
				INFOPLIST_FILE = AlamofireTests/Info.plist;
				LD_RUNPATH_SEARCH_PATHS = "$(inherited) @executable_path/Frameworks @loader_path/Frameworks";
				PRODUCT_BUNDLE_IDENTIFIER = "--.AlamofireTests";
				PRODUCT_NAME = "$(TARGET_NAME)";
				TEST_HOST = "$(BUILT_PRODUCTS_DIR)/Alamofire.app/Alamofire";
			};
			name = Release;
		};
		04F086EE1D13ACF700182FF5 /* Debug */ = {
			isa = XCBuildConfiguration;
			buildSettings = {
				INFOPLIST_FILE = AlamofireUITests/Info.plist;
				LD_RUNPATH_SEARCH_PATHS = "$(inherited) @executable_path/Frameworks @loader_path/Frameworks";
				PRODUCT_BUNDLE_IDENTIFIER = "--.AlamofireUITests";
				PRODUCT_NAME = "$(TARGET_NAME)";
				TEST_TARGET_NAME = Alamofire;
			};
			name = Debug;
		};
		04F086EF1D13ACF700182FF5 /* Release */ = {
			isa = XCBuildConfiguration;
			buildSettings = {
				INFOPLIST_FILE = AlamofireUITests/Info.plist;
				LD_RUNPATH_SEARCH_PATHS = "$(inherited) @executable_path/Frameworks @loader_path/Frameworks";
				PRODUCT_BUNDLE_IDENTIFIER = "--.AlamofireUITests";
				PRODUCT_NAME = "$(TARGET_NAME)";
				TEST_TARGET_NAME = Alamofire;
			};
			name = Release;
		};
/* End XCBuildConfiguration section */

/* Begin XCConfigurationList section */
		04F086BA1D13ACF700182FF5 /* Build configuration list for PBXProject "Alamofire" */ = {
			isa = XCConfigurationList;
			buildConfigurations = (
				04F086E51D13ACF700182FF5 /* Debug */,
				04F086E61D13ACF700182FF5 /* Release */,
			);
			defaultConfigurationIsVisible = 0;
			defaultConfigurationName = Release;
		};
		04F086E71D13ACF700182FF5 /* Build configuration list for PBXNativeTarget "Alamofire" */ = {
			isa = XCConfigurationList;
			buildConfigurations = (
				04F086E81D13ACF700182FF5 /* Debug */,
				04F086E91D13ACF700182FF5 /* Release */,
			);
			defaultConfigurationIsVisible = 0;
		};
		04F086EA1D13ACF700182FF5 /* Build configuration list for PBXNativeTarget "AlamofireTests" */ = {
			isa = XCConfigurationList;
			buildConfigurations = (
				04F086EB1D13ACF700182FF5 /* Debug */,
				04F086EC1D13ACF700182FF5 /* Release */,
			);
			defaultConfigurationIsVisible = 0;
		};
		04F086ED1D13ACF700182FF5 /* Build configuration list for PBXNativeTarget "AlamofireUITests" */ = {
			isa = XCConfigurationList;
			buildConfigurations = (
				04F086EE1D13ACF700182FF5 /* Debug */,
				04F086EF1D13ACF700182FF5 /* Release */,
			);
			defaultConfigurationIsVisible = 0;
		};
/* End XCConfigurationList section */
	};
	rootObject = 04F086B71D13ACF700182FF5 /* Project object */;
}
